
Microsoft Visual Studio Solution File, Format Version 12.00
# Visual Studio 15
VisualStudioVersion = 15.0.27004.2010
MinimumVisualStudioVersion = 10.0.40219.1
Project("{FAE04EC0-301F-11D3-BF4B-00C04F79EFBC}") = "DeidreROCKS", "DeidreROCKS\DeidreROCKS.csproj", "{DB6EF1CE-7EB5-4876-AAFE-ECC3CBBAB832}"
EndProject
Global
	GlobalSection(SolutionConfigurationPlatforms) = preSolution
		Debug|Any CPU = Debug|Any CPU
		Release|Any CPU = Release|Any CPU
	EndGlobalSection
	GlobalSection(ProjectConfigurationPlatforms) = postSolution
		{DB6EF1CE-7EB5-4876-AAFE-ECC3CBBAB832}.Debug|Any CPU.ActiveCfg = Debug|Any CPU
		{DB6EF1CE-7EB5-4876-AAFE-ECC3CBBAB832}.Debug|Any CPU.Build.0 = Debug|Any CPU
		{DB6EF1CE-7EB5-4876-AAFE-ECC3CBBAB832}.Release|Any CPU.ActiveCfg = Release|Any CPU
		{DB6EF1CE-7EB5-4876-AAFE-ECC3CBBAB832}.Release|Any CPU.Build.0 = Release|Any CPU
	EndGlobalSection
	GlobalSection(SolutionProperties) = preSolution
		HideSolutionNode = FALSE
	EndGlobalSection
	GlobalSection(ExtensibilityGlobals) = postSolution
		SolutionGuid = {411FDCE6-C837-4048-9ADA-889F70645028}
	EndGlobalSection
EndGlobal
